
Microsoft Visual Studio Solution File, Format Version 12.00
# Visual Studio 2013
VisualStudioVersion = 12.0.21005.1
MinimumVisualStudioVersion = 10.0.40219.1
Project("{FAE04EC0-301F-11D3-BF4B-00C04F79EFBC}") = "Library.Data", "Library.Data\Library.Data.csproj", "{7723C1B3-F4DD-4C72-8BA7-3452FEE66D22}"
EndProject
Project("{FAE04EC0-301F-11D3-BF4B-00C04F79EFBC}") = "Library.Model", "Library.Model\Library.Model.csproj", "{6565BDEA-441D-46B4-829C-1D7B4D350876}"
EndProject
Project("{FAE04EC0-301F-11D3-BF4B-00C04F79EFBC}") = "Library.Web", "Library.Web\Library.Web.csproj", "{F65E7B12-CEB4-44F3-867A-ACFCEE7BAB25}"
EndProject
Global
	GlobalSection(SolutionConfigurationPlatforms) = preSolution
		Debug|Any CPU = Debug|Any CPU
		Release|Any CPU = Release|Any CPU
	EndGlobalSection
	GlobalSection(ProjectConfigurationPlatforms) = postSolution
		{7723C1B3-F4DD-4C72-8BA7-3452FEE66D22}.Debug|Any CPU.ActiveCfg = Debug|Any CPU
		{7723C1B3-F4DD-4C72-8BA7-3452FEE66D22}.Debug|Any CPU.Build.0 = Debug|Any CPU
		{7723C1B3-F4DD-4C72-8BA7-3452FEE66D22}.Release|Any CPU.ActiveCfg = Release|Any CPU
		{7723C1B3-F4DD-4C72-8BA7-3452FEE66D22}.Release|Any CPU.Build.0 = Release|Any CPU
		{6565BDEA-441D-46B4-829C-1D7B4D350876}.Debug|Any CPU.ActiveCfg = Debug|Any CPU
		{6565BDEA-441D-46B4-829C-1D7B4D350876}.Debug|Any CPU.Build.0 = Debug|Any CPU
		{6565BDEA-441D-46B4-829C-1D7B4D350876}.Release|Any CPU.ActiveCfg = Release|Any CPU
		{6565BDEA-441D-46B4-829C-1D7B4D350876}.Release|Any CPU.Build.0 = Release|Any CPU
		{F65E7B12-CEB4-44F3-867A-ACFCEE7BAB25}.Debug|Any CPU.ActiveCfg = Debug|Any CPU
		{F65E7B12-CEB4-44F3-867A-ACFCEE7BAB25}.Debug|Any CPU.Build.0 = Debug|Any CPU
		{F65E7B12-CEB4-44F3-867A-ACFCEE7BAB25}.Release|Any CPU.ActiveCfg = Release|Any CPU
		{F65E7B12-CEB4-44F3-867A-ACFCEE7BAB25}.Release|Any CPU.Build.0 = Release|Any CPU
	EndGlobalSection
	GlobalSection(SolutionProperties) = preSolution
		HideSolutionNode = FALSE
	EndGlobalSection
EndGlobal
